
Microsoft Visual Studio Solution File, Format Version 12.00
# Visual Studio Version 17
VisualStudioVersion = 17.9.34902.65
MinimumVisualStudioVersion = 10.0.40219.1
Project("{FAE04EC0-301F-11D3-BF4B-00C04F79EFBC}") = "SchoolSystem.Server", "SchoolSystem.Server\SchoolSystem.Server.csproj", "{B370D9DB-428C-4150-9A42-E9B779FE0B86}"
EndProject
Project("{54A90642-561A-4BB1-A94E-469ADEE60C69}") = "schoolsystem.client", "schoolsystem.client\schoolsystem.client.esproj", "{126C5055-B452-4DD9-B3FF-551017372373}"
EndProject
Global
	GlobalSection(SolutionConfigurationPlatforms) = preSolution
		Debug|Any CPU = Debug|Any CPU
		Release|Any CPU = Release|Any CPU
	EndGlobalSection
	GlobalSection(ProjectConfigurationPlatforms) = postSolution
		{B370D9DB-428C-4150-9A42-E9B779FE0B86}.Debug|Any CPU.ActiveCfg = Debug|Any CPU
		{B370D9DB-428C-4150-9A42-E9B779FE0B86}.Debug|Any CPU.Build.0 = Debug|Any CPU
		{B370D9DB-428C-4150-9A42-E9B779FE0B86}.Release|Any CPU.ActiveCfg = Release|Any CPU
		{B370D9DB-428C-4150-9A42-E9B779FE0B86}.Release|Any CPU.Build.0 = Release|Any CPU
		{126C5055-B452-4DD9-B3FF-551017372373}.Debug|Any CPU.ActiveCfg = Debug|Any CPU
		{126C5055-B452-4DD9-B3FF-551017372373}.Debug|Any CPU.Build.0 = Debug|Any CPU
		{126C5055-B452-4DD9-B3FF-551017372373}.Debug|Any CPU.Deploy.0 = Debug|Any CPU
		{126C5055-B452-4DD9-B3FF-551017372373}.Release|Any CPU.ActiveCfg = Release|Any CPU
		{126C5055-B452-4DD9-B3FF-551017372373}.Release|Any CPU.Build.0 = Release|Any CPU
		{126C5055-B452-4DD9-B3FF-551017372373}.Release|Any CPU.Deploy.0 = Release|Any CPU
	EndGlobalSection
	GlobalSection(SolutionProperties) = preSolution
		HideSolutionNode = FALSE
	EndGlobalSection
	GlobalSection(ExtensibilityGlobals) = postSolution
		SolutionGuid = {18CE2781-9E5C-44D6-A0DD-F404E58525F8}
	EndGlobalSection
EndGlobal
